{
  "lockfile_version": "1",
  "packages": {
    "github:NixOS/nixpkgs/nixpkgs-unstable": {
      "resolved": "github:NixOS/nixpkgs/1128e89fd5e11bb25aedbfc287733c6502202ea9?lastModified=1739451785&narHash=sha256-3ebRdThRic9bHMuNi2IAA%2Fek9b32bsy8F5R4SvGTIog%3D"
    },
    "just@1.25.2": {
      "last_modified": "2024-04-19T17:36:04-04:00",
      "resolved": "github:NixOS/nixpkgs/92d295f588631b0db2da509f381b4fb1e74173c5#just",
      "source": "devbox-search",
      "version": "1.25.2",
      "systems": {
        "aarch64-darwin": {
          "outputs": [
            {
              "name": "out",
              "path": "/nix/store/z65fyiw9sgg9ywxb16kzgjn4335bkdgk-just-1.25.2",
              "default": true
            },
            {
              "name": "man",
              "path": "/nix/store/igxiip2bywwgk97bcfmz8rfhcwalnabp-just-1.25.2-man",
              "default": true
            },
            {
              "name": "doc",
              "path": "/nix/store/4v3vhnbgwvar7qbr4iy00gqqf1zfrrsq-just-1.25.2-doc"
            }
          ],
          "store_path": "/nix/store/z65fyiw9sgg9ywxb16kzgjn4335bkdgk-just-1.25.2"
        },
        "aarch64-linux": {
          "outputs": [
            {
              "name": "out",
              "path": "/nix/store/ya5l2p4s8122gal35impls0hxqvgikq7-just-1.25.2",
              "default": true
            },
            {
              "name": "man",
              "path": "/nix/store/qwqvkd7sdfv0y8ja6yrszh41ddb1lbab-just-1.25.2-man",
              "default": true
            },
            {
              "name": "doc",
              "path": "/nix/store/wgnh87vfdmnvs7wav321sg2frpdrxi8w-just-1.25.2-doc"
            }
          ],
          "store_path": "/nix/store/ya5l2p4s8122gal35impls0hxqvgikq7-just-1.25.2"
        },
        "x86_64-darwin": {
          "outputs": [
            {
              "name": "out",
              "path": "/nix/store/hkh658l8gszli0fcbn0c27fidwcx6skc-just-1.25.2",
              "default": true
            },
            {
              "name": "man",
              "path": "/nix/store/rq5p2xipbhqhm0321plymlxvdh4qwyhy-just-1.25.2-man",
              "default": true
            },
            {
              "name": "doc",
              "path": "/nix/store/mrirhr3b4jmlyrj4hmmidby83bc65dll-just-1.25.2-doc"
            }
          ],
          "store_path": "/nix/store/hkh658l8gszli0fcbn0c27fidwcx6skc-just-1.25.2"
        },
        "x86_64-linux": {
          "outputs": [
            {
              "name": "out",
              "path": "/nix/store/ap71wavjciyyfqsr7j0dz5b7k36r1w1w-just-1.25.2",
              "default": true
            },
            {
              "name": "man",
              "path": "/nix/store/h4a4dx6mjdmhbxfp3ykl2zqdmqs9zjfz-just-1.25.2-man",
              "default": true
            },
            {
              "name": "doc",
              "path": "/nix/store/n9a0w5jclm4rh85c5ckpxxg5qqlcpban-just-1.25.2-doc"
            }
          ],
          "store_path": "/nix/store/ap71wavjciyyfqsr7j0dz5b7k36r1w1w-just-1.25.2"
        }
      }
    },
    "teller@2.0.7": {
      "last_modified": "2024-07-07T07:43:47Z",
      "resolved": "github:NixOS/nixpkgs/b60793b86201040d9dee019a05089a9150d08b5b#teller",
      "source": "devbox-search",
      "version": "2.0.7",
      "systems": {
        "aarch64-darwin": {
          "outputs": [
            {
              "name": "out",
              "path": "/nix/store/r4226bx64i0cf7mfxandg7zzglqxszcq-teller-2.0.7",
              "default": true
            }
          ],
          "store_path": "/nix/store/r4226bx64i0cf7mfxandg7zzglqxszcq-teller-2.0.7"
        },
        "aarch64-linux": {
          "outputs": [
            {
              "name": "out",
              "path": "/nix/store/4qvxahm7bfz0zkaiif4ymk2nr4wis1v0-teller-2.0.7",
              "default": true
            }
          ],
          "store_path": "/nix/store/4qvxahm7bfz0zkaiif4ymk2nr4wis1v0-teller-2.0.7"
        },
        "x86_64-darwin": {
          "outputs": [
            {
              "name": "out",
              "path": "/nix/store/a05mzmc0fiy3x1js8rmycwpsfial800m-teller-2.0.7",
              "default": true
            }
          ],
          "store_path": "/nix/store/a05mzmc0fiy3x1js8rmycwpsfial800m-teller-2.0.7"
        },
        "x86_64-linux": {
          "outputs": [
            {
              "name": "out",
              "path": "/nix/store/cpfzq372gajzfrahrawc0w955zn17js3-teller-2.0.7",
              "default": true
            }
          ],
          "store_path": "/nix/store/cpfzq372gajzfrahrawc0w955zn17js3-teller-2.0.7"
        }
      }
    }
  }
}
